// !$*UTF8*$!
{
	archiveVersion = 1;
	classes = {
	};
	objectVersion = 46;
	objects = {

/* Begin PBXBuildFile section */
		ADD5B9F71CBB3B2A008CC1E8 /* AppDelegate.swift in Sources */ = {isa = PBXBuildFile; fileRef = ADD5B9F61CBB3B2A008CC1E8 /* AppDelegate.swift */; };
		ADD5B9F91CBB3B2A008CC1E8 /* ViewController.swift in Sources */ = {isa = PBXBuildFile; fileRef = ADD5B9F81CBB3B2A008CC1E8 /* ViewController.swift */; };
		ADD5B9FC1CBB3B2A008CC1E8 /* Main.storyboard in Resources */ = {isa = PBXBuildFile; fileRef = ADD5B9FA1CBB3B2A008CC1E8 /* Main.storyboard */; };
		ADD5B9FE1CBB3B2A008CC1E8 /* Assets.xcassets in Resources */ = {isa = PBXBuildFile; fileRef = ADD5B9FD1CBB3B2A008CC1E8 /* Assets.xcassets */; };
		ADD5BA011CBB3B2A008CC1E8 /* LaunchScreen.storyboard in Resources */ = {isa = PBXBuildFile; fileRef = ADD5B9FF1CBB3B2A008CC1E8 /* LaunchScreen.storyboard */; };
/* End PBXBuildFile section */

/* Begin PBXFileReference section */
		ADD5B9F31CBB3B2A008CC1E8 /* HideRedHideBlue.app */ = {isa = PBXFileReference; explicitFileType = wrapper.application; includeInIndex = 0; path = HideRedHideBlue.app; sourceTree = BUILT_PRODUCTS_DIR; };
		ADD5B9F61CBB3B2A008CC1E8 /* AppDelegate.swift */ = {isa = PBXFileReference; lastKnownFileType = sourcecode.swift; path = AppDelegate.swift; sourceTree = "<group>"; };
		ADD5B9F81CBB3B2A008CC1E8 /* ViewController.swift */ = {isa = PBXFileReference; lastKnownFileType = sourcecode.swift; path = ViewController.swift; sourceTree = "<group>"; };
		ADD5B9FB1CBB3B2A008CC1E8 /* Base */ = {isa = PBXFileReference; lastKnownFileType = file.storyboard; name = Base; path = Base.lproj/Main.storyboard; sourceTree = "<group>"; };
		ADD5B9FD1CBB3B2A008CC1E8 /* Assets.xcassets */ = {isa = PBXFileReference; lastKnownFileType = folder.assetcatalog; path = Assets.xcassets; sourceTree = "<group>"; };
		ADD5BA001CBB3B2A008CC1E8 /* Base */ = {isa = PBXFileReference; lastKnownFileType = file.storyboard; name = Base; path = Base.lproj/LaunchScreen.storyboard; sourceTree = "<group>"; };
		ADD5BA021CBB3B2A008CC1E8 /* Info.plist */ = {isa = PBXFileReference; lastKnownFileType = text.plist.xml; path = Info.plist; sourceTree = "<group>"; };
/* End PBXFileReference section */

/* Begin PBXFrameworksBuildPhase section */
		ADD5B9F01CBB3B2A008CC1E8 /* Frameworks */ = {
			isa = PBXFrameworksBuildPhase;
			buildActionMask = 2147483647;
			files = (
			);
			runOnlyForDeploymentPostprocessing = 0;
		};
/* End PBXFrameworksBuildPhase section */

/* Begin PBXGroup section */
		ADD5B9EA1CBB3B2A008CC1E8 = {
			isa = PBXGroup;
			children = (
				ADD5B9F51CBB3B2A008CC1E8 /* HideRedHideBlue */,
				ADD5B9F41CBB3B2A008CC1E8 /* Products */,
			);
			sourceTree = "<group>";
		};
		ADD5B9F41CBB3B2A008CC1E8 /* Products */ = {
			isa = PBXGroup;
			children = (
				ADD5B9F31CBB3B2A008CC1E8 /* HideRedHideBlue.app */,
			);
			name = Products;
			sourceTree = "<group>";
		};
		ADD5B9F51CBB3B2A008CC1E8 /* HideRedHideBlue */ = {
			isa = PBXGroup;
			children = (
				ADD5B9F61CBB3B2A008CC1E8 /* AppDelegate.swift */,
				ADD5B9F81CBB3B2A008CC1E8 /* ViewController.swift */,
				ADD5B9FA1CBB3B2A008CC1E8 /* Main.storyboard */,
				ADD5B9FD1CBB3B2A008CC1E8 /* Assets.xcassets */,
				ADD5B9FF1CBB3B2A008CC1E8 /* LaunchScreen.storyboard */,
				ADD5BA021CBB3B2A008CC1E8 /* Info.plist */,
			);
			path = HideRedHideBlue;
			sourceTree = "<group>";
		};
/* End PBXGroup section */

/* Begin PBXNativeTarget section */
		ADD5B9F21CBB3B2A008CC1E8 /* HideRedHideBlue */ = {
			isa = PBXNativeTarget;
			buildConfigurationList = ADD5BA051CBB3B2A008CC1E8 /* Build configuration list for PBXNativeTarget "HideRedHideBlue" */;
			buildPhases = (
				ADD5B9EF1CBB3B2A008CC1E8 /* Sources */,
				ADD5B9F01CBB3B2A008CC1E8 /* Frameworks */,
				ADD5B9F11CBB3B2A008CC1E8 /* Resources */,
			);
			buildRules = (
			);
			dependencies = (
			);
			name = HideRedHideBlue;
			productName = HideRedHideBlue;
			productReference = ADD5B9F31CBB3B2A008CC1E8 /* HideRedHideBlue.app */;
			productType = "com.apple.product-type.application";
		};
/* End PBXNativeTarget section */

/* Begin PBXProject section */
		ADD5B9EB1CBB3B2A008CC1E8 /* Project object */ = {
			isa = PBXProject;
			attributes = {
				LastSwiftUpdateCheck = 0730;
				LastUpgradeCheck = 0730;
				ORGANIZATIONNAME = "Carey Turner";
				TargetAttributes = {
					ADD5B9F21CBB3B2A008CC1E8 = {
						CreatedOnToolsVersion = 7.3;
						DevelopmentTeam = UURCK7YHDX;
					};
				};
			};
			buildConfigurationList = ADD5B9EE1CBB3B2A008CC1E8 /* Build configuration list for PBXProject "HideRedHideBlue" */;
			compatibilityVersion = "Xcode 3.2";
			developmentRegion = English;
			hasScannedForEncodings = 0;
			knownRegions = (
				en,
				Base,
			);
			mainGroup = ADD5B9EA1CBB3B2A008CC1E8;
			productRefGroup = ADD5B9F41CBB3B2A008CC1E8 /* Products */;
			projectDirPath = "";
			projectRoot = "";
			targets = (
				ADD5B9F21CBB3B2A008CC1E8 /* HideRedHideBlue */,
			);
		};
/* End PBXProject section */

/* Begin PBXResourcesBuildPhase section */
		ADD5B9F11CBB3B2A008CC1E8 /* Resources */ = {
			isa = PBXResourcesBuildPhase;
			buildActionMask = 2147483647;
			files = (
				ADD5BA011CBB3B2A008CC1E8 /* LaunchScreen.storyboard in Resources */,
				ADD5B9FE1CBB3B2A008CC1E8 /* Assets.xcassets in Resources */,
				ADD5B9FC1CBB3B2A008CC1E8 /* Main.storyboard in Resources */,
			);
			runOnlyForDeploymentPostprocessing = 0;
		};
/* End PBXResourcesBuildPhase section */

/* Begin PBXSourcesBuildPhase section */
		ADD5B9EF1CBB3B2A008CC1E8 /* Sources */ = {
			isa = PBXSourcesBuildPhase;
			buildActionMask = 2147483647;
			files = (
				ADD5B9F91CBB3B2A008CC1E8 /* ViewController.swift in Sources */,
				ADD5B9F71CBB3B2A008CC1E8 /* AppDelegate.swift in Sources */,
			);
			runOnlyForDeploymentPostprocessing = 0;
		};
/* End PBXSourcesBuildPhase section */

/* Begin PBXVariantGroup section */
		ADD5B9FA1CBB3B2A008CC1E8 /* Main.storyboard */ = {
			isa = PBXVariantGroup;
			children = (
				ADD5B9FB1CBB3B2A008CC1E8 /* Base */,
			);
			name = Main.storyboard;
			sourceTree = "<group>";
		};
		ADD5B9FF1CBB3B2A008CC1E8 /* LaunchScreen.storyboard */ = {
			isa = PBXVariantGroup;
			children = (
				ADD5BA001CBB3B2A008CC1E8 /* Base */,
			);
			name = LaunchScreen.storyboard;
			sourceTree = "<group>";
		};
/* End PBXVariantGroup section */

/* Begin XCBuildConfiguration section */
		ADD5BA031CBB3B2A008CC1E8 /* Debug */ = {
			isa = XCBuildConfiguration;
			buildSettings = {
				ALWAYS_SEARCH_USER_PATHS = NO;
				CLANG_ANALYZER_NONNULL = YES;
				CLANG_CXX_LANGUAGE_STANDARD = "gnu++0x";
				CLANG_CXX_LIBRARY = "libc++";
				CLANG_ENABLE_MODULES = YES;
				CLANG_ENABLE_OBJC_ARC = YES;
				CLANG_WARN_BOOL_CONVERSION = YES;
				CLANG_WARN_CONSTANT_CONVERSION = YES;
				CLANG_WARN_DIRECT_OBJC_ISA_USAGE = YES_ERROR;
				CLANG_WARN_EMPTY_BODY = YES;
				CLANG_WARN_ENUM_CONVERSION = YES;
				CLANG_WARN_INT_CONVERSION = YES;
				CLANG_WARN_OBJC_ROOT_CLASS = YES_ERROR;
				CLANG_WARN_UNREACHABLE_CODE = YES;
				CLANG_WARN__DUPLICATE_METHOD_MATCH = YES;
				"CODE_SIGN_IDENTITY[sdk=iphoneos*]" = "iPhone Developer";
				COPY_PHASE_STRIP = NO;
				DEBUG_INFORMATION_FORMAT = dwarf;
				ENABLE_STRICT_OBJC_MSGSEND = YES;
				ENABLE_TESTABILITY = YES;
				GCC_C_LANGUAGE_STANDARD = gnu99;
				GCC_DYNAMIC_NO_PIC = NO;
				GCC_NO_COMMON_BLOCKS = YES;
				GCC_OPTIMIZATION_LEVEL = 0;
				GCC_PREPROCESSOR_DEFINITIONS = (
					"DEBUG=1",
					"$(inherited)",
				);
				GCC_WARN_64_TO_32_BIT_CONVERSION = YES;
				GCC_WARN_ABOUT_RETURN_TYPE = YES_ERROR;
				GCC_WARN_UNDECLARED_SELECTOR = YES;
				GCC_WARN_UNINITIALIZED_AUTOS = YES_AGGRESSIVE;
				GCC_WARN_UNUSED_FUNCTION = YES;
				GCC_WARN_UNUSED_VARIABLE = YES;
				IPHONEOS_DEPLOYMENT_TARGET = 9.3;
				MTL_ENABLE_DEBUG_INFO = YES;
				ONLY_ACTIVE_ARCH = YES;
				SDKROOT = iphoneos;
				SWIFT_OPTIMIZATION_LEVEL = "-Onone";
			};
			name = Debug;
		};
		ADD5BA041CBB3B2A008CC1E8 /* Release */ = {
			isa = XCBuildConfiguration;
			buildSettings = {
				ALWAYS_SEARCH_USER_PATHS = NO;
				CLANG_ANALYZER_NONNULL = YES;
				CLANG_CXX_LANGUAGE_STANDARD = "gnu++0x";
				CLANG_CXX_LIBRARY = "libc++";
				CLANG_ENABLE_MODULES = YES;
				CLANG_ENABLE_OBJC_ARC = YES;
				CLANG_WARN_BOOL_CONVERSION = YES;
				CLANG_WARN_CONSTANT_CONVERSION = YES;
				CLANG_WARN_DIRECT_OBJC_ISA_USAGE = YES_ERROR;
				CLANG_WARN_EMPTY_BODY = YES;
				CLANG_WARN_ENUM_CONVERSION = YES;
				CLANG_WARN_INT_CONVERSION = YES;
				CLANG_WARN_OBJC_ROOT_CLASS = YES_ERROR;
				CLANG_WARN_UNREACHABLE_CODE = YES;
				CLANG_WARN__DUPLICATE_METHOD_MATCH = YES;
				"CODE_SIGN_IDENTITY[sdk=iphoneos*]" = "iPhone Developer";
				COPY_PHASE_STRIP = NO;
				DEBUG_INFORMATION_FORMAT = "dwarf-with-dsym";
				ENABLE_NS_ASSERTIONS = NO;
				ENABLE_STRICT_OBJC_MSGSEND = YES;
				GCC_C_LANGUAGE_STANDARD = gnu99;
				GCC_NO_COMMON_BLOCKS = YES;
				GCC_WARN_64_TO_32_BIT_CONVERSION = YES;
				GCC_WARN_ABOUT_RETURN_TYPE = YES_ERROR;
				GCC_WARN_UNDECLARED_SELECTOR = YES;
				GCC_WARN_UNINITIALIZED_AUTOS = YES_AGGRESSIVE;
				GCC_WARN_UNUSED_FUNCTION = YES;
				GCC_WARN_UNUSED_VARIABLE = YES;
				IPHONEOS_DEPLOYMENT_TARGET = 9.3;
				MTL_ENABLE_DEBUG_INFO = NO;
				SDKROOT = iphoneos;
				VALIDATE_PRODUCT = YES;
			};
			name = Release;
		};
		ADD5BA061CBB3B2A008CC1E8 /* Debug */ = {
			isa = XCBuildConfiguration;
			buildSettings = {
				INFOPLIST_FILE = HideRedHideBlue/Info.plist;
				LD_RUNPATH_SEARCH_PATHS = "$(inherited) @executable_path/Frameworks";
				PRODUCT_BUNDLE_IDENTIFIER = Alpha37.HideRedHideBlue;
				PRODUCT_NAME = "$(TARGET_NAME)";
			};
			name = Debug;
		};
		ADD5BA071CBB3B2A008CC1E8 /* Release */ = {
			isa = XCBuildConfiguration;
			buildSettings = {
				INFOPLIST_FILE = HideRedHideBlue/Info.plist;
				LD_RUNPATH_SEARCH_PATHS = "$(inherited) @executable_path/Frameworks";
				PRODUCT_BUNDLE_IDENTIFIER = Alpha37.HideRedHideBlue;
				PRODUCT_NAME = "$(TARGET_NAME)";
			};
			name = Release;
		};
/* End XCBuildConfiguration section */

/* Begin XCConfigurationList section */
		ADD5B9EE1CBB3B2A008CC1E8 /* Build configuration list for PBXProject "HideRedHideBlue" */ = {
			isa = XCConfigurationList;
			buildConfigurations = (
				ADD5BA031CBB3B2A008CC1E8 /* Debug */,
				ADD5BA041CBB3B2A008CC1E8 /* Release */,
			);
			defaultConfigurationIsVisible = 0;
			defaultConfigurationName = Release;
		};
		ADD5BA051CBB3B2A008CC1E8 /* Build configuration list for PBXNativeTarget "HideRedHideBlue" */ = {
			isa = XCConfigurationList;
			buildConfigurations = (
				ADD5BA061CBB3B2A008CC1E8 /* Debug */,
				ADD5BA071CBB3B2A008CC1E8 /* Release */,
			);
			defaultConfigurationIsVisible = 0;
		};
/* End XCConfigurationList section */
	};
	rootObject = ADD5B9EB1CBB3B2A008CC1E8 /* Project object */;
}
